
Microsoft Visual Studio Solution File, Format Version 12.00
# Visual Studio Version 16
VisualStudioVersion = 16.0.30611.23
MinimumVisualStudioVersion = 10.0.40219.1
Project("{8BC9CEB8-8B4A-11D0-8D11-00A0C91BC942}") = "TransportDirectory", "TransportDirectory.vcxproj", "{9108CAC7-0730-4ED6-A2D0-0E4B7CB80FF5}"
EndProject
Global
	GlobalSection(SolutionConfigurationPlatforms) = preSolution
		Debug|x64 = Debug|x64
		Debug|x86 = Debug|x86
		Release|x64 = Release|x64
		Release|x86 = Release|x86
	EndGlobalSection
	GlobalSection(ProjectConfigurationPlatforms) = postSolution
		{9108CAC7-0730-4ED6-A2D0-0E4B7CB80FF5}.Debug|x64.ActiveCfg = Debug|x64
		{9108CAC7-0730-4ED6-A2D0-0E4B7CB80FF5}.Debug|x64.Build.0 = Debug|x64
		{9108CAC7-0730-4ED6-A2D0-0E4B7CB80FF5}.Debug|x86.ActiveCfg = Debug|Win32
		{9108CAC7-0730-4ED6-A2D0-0E4B7CB80FF5}.Debug|x86.Build.0 = Debug|Win32
		{9108CAC7-0730-4ED6-A2D0-0E4B7CB80FF5}.Release|x64.ActiveCfg = Release|x64
		{9108CAC7-0730-4ED6-A2D0-0E4B7CB80FF5}.Release|x64.Build.0 = Release|x64
		{9108CAC7-0730-4ED6-A2D0-0E4B7CB80FF5}.Release|x86.ActiveCfg = Release|Win32
		{9108CAC7-0730-4ED6-A2D0-0E4B7CB80FF5}.Release|x86.Build.0 = Release|Win32
	EndGlobalSection
	GlobalSection(SolutionProperties) = preSolution
		HideSolutionNode = FALSE
	EndGlobalSection
	GlobalSection(ExtensibilityGlobals) = postSolution
		SolutionGuid = {83AD9C93-1B43-476D-B4C5-24227CD88C0F}
	EndGlobalSection
EndGlobal
